<?xml version="1.0" encoding="utf-8"?>
<Project ToolsVersion="4.0" xmlns="http://schemas.microsoft.com/developer/msbuild/2003">
  <ItemGroup>
    <Filter Include="리소스 파일">
      <UniqueIdentifier>{67DA6AB6-F800-4c08-8B7A-83BB121AAD01}</UniqueIdentifier>
      <Extensions>rc;ico;cur;bmp;dlg;rc2;rct;bin;rgs;gif;jpg;jpeg;jpe;resx;tiff;tif;png;wav;mfcribbon-ms</Extensions>
    </Filter>
    <Filter Include="Default">
      <UniqueIdentifier>{1e602cfc-9ffa-45e9-b258-e2a825b31c08}</UniqueIdentifier>
    </Filter>
    <Filter Include="Engine">
      <UniqueIdentifier>{38883897-5b67-41f6-9321-b28e0cf73689}</UniqueIdentifier>
    </Filter>
    <Filter Include="Engine\01. Header">
      <UniqueIdentifier>{ef5fe98c-813c-4b33-8b5f-e4288cc6410b}</UniqueIdentifier>
    </Filter>
    <Filter Include="Engine\02. Core">
      <UniqueIdentifier>{df0ea0fb-f1f2-4b06-bcf2-f295f3f33769}</UniqueIdentifier>
    </Filter>
    <Filter Include="Engine\03. Manager">
      <UniqueIdentifier>{0e0cc8c3-ab4b-46ab-96d1-457270f61eed}</UniqueIdentifier>
    </Filter>
    <Filter Include="Engine\03. Manager\ResourceManager">
      <UniqueIdentifier>{45bccfb0-27dc-4ee7-968c-f1d26c5362e5}</UniqueIdentifier>
    </Filter>
    <Filter Include="Engine\03. Manager\PathManager">
      <UniqueIdentifier>{b8831711-17e7-4657-94be-9c9c2c7cbd32}</UniqueIdentifier>
    </Filter>
    <Filter Include="Engine\03. Manager\InputManager">
      <UniqueIdentifier>{26c74196-419c-4ed1-9c24-22f9f7c32936}</UniqueIdentifier>
    </Filter>
    <Filter Include="Engine\04. Object">
      <UniqueIdentifier>{64738209-8009-4e03-b504-320fe9352bcb}</UniqueIdentifier>
    </Filter>
    <Filter Include="Engine\05. Resource">
      <UniqueIdentifier>{8245150d-b11d-4540-9395-3c1ae7b50492}</UniqueIdentifier>
    </Filter>
    <Filter Include="Engine\05. Resource\Texture">
      <UniqueIdentifier>{66445a91-747c-4da1-88d6-a588133c3ef9}</UniqueIdentifier>
    </Filter>
    <Filter Include="Engine\03. Manager\SceneManager">
      <UniqueIdentifier>{bfc19dfc-4be4-48c8-830b-8326ff23d3d3}</UniqueIdentifier>
    </Filter>
    <Filter Include="Engine\03. Manager\TimerManager">
      <UniqueIdentifier>{a7706c73-f7ea-4f7e-a09c-67623b415732}</UniqueIdentifier>
    </Filter>
    <Filter Include="Engine\06. Scene">
      <UniqueIdentifier>{30059140-1011-42a7-bc79-643dbfb6c298}</UniqueIdentifier>
    </Filter>
    <Filter Include="Engine\06. Scene\GameScene">
      <UniqueIdentifier>{b1ae7395-f77e-4523-9ef8-e160d2426234}</UniqueIdentifier>
    </Filter>
    <Filter Include="Engine\07. Animation">
      <UniqueIdentifier>{2a24710d-a80b-4f82-bba5-b86c7f375413}</UniqueIdentifier>
    </Filter>
    <Filter Include="Engine\08. Collider">
      <UniqueIdentifier>{d0839422-5edd-4ac2-9e87-75df759ead81}</UniqueIdentifier>
    </Filter>
    <Filter Include="Engine\03. Manager\GDIManager">
      <UniqueIdentifier>{9313fcdc-ae14-489f-a976-3628f7a35c21}</UniqueIdentifier>
    </Filter>
    <Filter Include="Engine\03. Manager\CollisionManager">
      <UniqueIdentifier>{69ec1f4d-b29e-474d-826d-ce5f9837ffbe}</UniqueIdentifier>
    </Filter>
    <Filter Include="Engine\04. Object\Actor">
      <UniqueIdentifier>{f3aa19f6-9394-4124-8700-12c84926a94b}</UniqueIdentifier>
    </Filter>
    <Filter Include="Engine\05. Resource\Data">
      <UniqueIdentifier>{70ddc61b-40b7-4fbb-ad7a-4a5e5b0244b7}</UniqueIdentifier>
    </Filter>
    <Filter Include="Engine\05. Resource\Data\ZoneData">
      <UniqueIdentifier>{3a8e9a30-c209-48e3-99d4-331d1ea6d71e}</UniqueIdentifier>
    </Filter>
    <Filter Include="Engine\05. Resource\Data\ZoneData\CircleZoneData">
      <UniqueIdentifier>{096555a4-10ba-4f59-87f7-3906454f53ac}</UniqueIdentifier>
    </Filter>
    <Filter Include="Engine\05. Resource\Data\ZoneData\RectZoneData">
      <UniqueIdentifier>{fc8a5867-35eb-48d4-8134-8b55fd388b7a}</UniqueIdentifier>
    </Filter>
    <Filter Include="Engine\05. Resource\Data\SkillData">
      <UniqueIdentifier>{490f7367-e951-4c42-8d05-97ef81358682}</UniqueIdentifier>
    </Filter>
    <Filter Include="Engine\05. Resource\Data\SkillData\CircleSkillData">
      <UniqueIdentifier>{5d1ff0f2-8d69-4853-93e6-9c9eb55632f3}</UniqueIdentifier>
    </Filter>
    <Filter Include="Engine\05. Resource\Data\SkillData\RectSkillData">
      <UniqueIdentifier>{d0e96244-3d34-4cb1-9d68-7e93089afc9e}</UniqueIdentifier>
    </Filter>
    <Filter Include="Engine\05. Resource\TextureAtlas">
      <UniqueIdentifier>{9a44f3a3-6210-480a-9fdd-22fe743f159c}</UniqueIdentifier>
    </Filter>
    <Filter Include="Engine\05. Resource\Data\AnimationData">
      <UniqueIdentifier>{b1df608b-f173-4ddd-91f0-ca2710c21f07}</UniqueIdentifier>
    </Filter>
    <Filter Include="Crew">
      <UniqueIdentifier>{503c5cec-6ed5-4193-9a63-d2e059b850f5}</UniqueIdentifier>
    </Filter>
    <Filter Include="Engine\04. Object\Actor\Character">
      <UniqueIdentifier>{4fa3d97a-6d62-438c-807b-de5165b69a07}</UniqueIdentifier>
    </Filter>
    <Filter Include="Engine\04. Object\Actor\Character\Player">
      <UniqueIdentifier>{d6d73cfd-508c-48db-a746-9f61ec312c5c}</UniqueIdentifier>
    </Filter>
    <Filter Include="Engine\04. Object\GameObject">
      <UniqueIdentifier>{cb1375c0-e460-4806-b7f8-36b2037c8c74}</UniqueIdentifier>
    </Filter>
    <Filter Include="Engine\06. Scene\TitleScene">
      <UniqueIdentifier>{8c9f0fe6-f17f-4af3-afca-5fc1eddf4987}</UniqueIdentifier>
    </Filter>
    <Filter Include="Engine\03. Manager\SettingsManager">
      <UniqueIdentifier>{8b2ff356-cd47-43fc-9607-7f0b9a0de018}</UniqueIdentifier>
    </Filter>
    <Filter Include="Engine\04. Object\Actor\Character\Ghost">
      <UniqueIdentifier>{e3fdb4aa-a6a7-433f-91d6-373ddfa463e0}</UniqueIdentifier>
    </Filter>
    <Filter Include="Engine\04. Object\Vent">
      <UniqueIdentifier>{f3cfc575-e19d-4e81-aa3a-772c836bd624}</UniqueIdentifier>
    </Filter>
    <Filter Include="Engine\06. Scene\EditorScene">
      <UniqueIdentifier>{2fa42210-1159-4542-9675-2fb179892c70}</UniqueIdentifier>
    </Filter>
    <Filter Include="EditorUI">
      <UniqueIdentifier>{c62fbf76-ac13-4c1c-bbd8-22dffd8282d4}</UniqueIdentifier>
    </Filter>
    <Filter Include="Engine\09. Wall">
      <UniqueIdentifier>{b2f57777-1f96-4a35-9bad-d1099329f41f}</UniqueIdentifier>
    </Filter>
    <Filter Include="Engine\09. Wall\Wall">
      <UniqueIdentifier>{db715581-373a-46d3-abfd-c10054877625}</UniqueIdentifier>
    </Filter>
    <Filter Include="Engine\09. Wall\WallDetector">
      <UniqueIdentifier>{c6edb009-30d1-4978-9403-b5039083f2a3}</UniqueIdentifier>
    </Filter>
    <Filter Include="Engine\10. UI">
      <UniqueIdentifier>{02bca386-3607-4de5-927e-2db819ebc0e5}</UniqueIdentifier>
    </Filter>
    <Filter Include="Engine\10. UI\TitleUI">
      <UniqueIdentifier>{580d373d-2877-48bc-ae5d-1ae238f55ee5}</UniqueIdentifier>
    </Filter>
    <Filter Include="Engine\10. UI\MapUI">
      <UniqueIdentifier>{2ce256fb-207d-48f2-8521-879efd43feea}</UniqueIdentifier>
    </Filter>
    <Filter Include="Engine\10. UI\MenuUI">
      <UniqueIdentifier>{9b007213-81e1-4a49-b865-53748d8f7ffe}</UniqueIdentifier>
    </Filter>
    <Filter Include="Engine\10. UI\TaskUI">
      <UniqueIdentifier>{552dfc80-aaff-4e58-85f1-3ad51567ac81}</UniqueIdentifier>
    </Filter>
    <Filter Include="Engine\10. UI\TaskUI\NumberSequenceTask">
      <UniqueIdentifier>{0218cff6-2aae-48d3-b36d-6495a181bb0d}</UniqueIdentifier>
    </Filter>
    <Filter Include="Engine\10. UI\TaskUI\DataUploadTask">
      <UniqueIdentifier>{c8491947-096a-420b-abd4-56098ccdb62f}</UniqueIdentifier>
    </Filter>
    <Filter Include="Engine\10. UI\TaskUI\TimedButtonsTask">
      <UniqueIdentifier>{d986c7d7-0b91-49e3-89d7-d5f666e5b6fc}</UniqueIdentifier>
    </Filter>
    <Filter Include="Engine\10. UI\PlayerStatusUI">
      <UniqueIdentifier>{7347e9d4-e93b-49a6-bf6f-baf5024f9dc7}</UniqueIdentifier>
    </Filter>
    <Filter Include="Engine\10. UI\GameResultUI">
      <UniqueIdentifier>{7cada089-b9d8-4c22-ae78-fa79ec4496f4}</UniqueIdentifier>
    </Filter>
    <Filter Include="Engine\10. UI\EditorUI">
      <UniqueIdentifier>{4b86cbc9-3708-4c36-9dae-d55c47bbbbcd}</UniqueIdentifier>
    </Filter>
    <Filter Include="Engine\11. UIElement">
      <UniqueIdentifier>{c77b3e4b-a636-4c3e-97f6-3089a1b1403d}</UniqueIdentifier>
    </Filter>
    <Filter Include="Engine\11. UIElement\Button">
      <UniqueIdentifier>{0a4c91b0-1a88-45cd-b250-3daeb1d68c6f}</UniqueIdentifier>
    </Filter>
    <Filter Include="Engine\11. UIElement\ProgressBar">
      <UniqueIdentifier>{3fc0af65-58c1-4a82-b5b7-83dfde924769}</UniqueIdentifier>
    </Filter>
    <Filter Include="Engine\11. UIElement\TimingBar">
      <UniqueIdentifier>{593b08dc-c687-4ceb-b5d6-d38387b04bdd}</UniqueIdentifier>
    </Filter>
    <Filter Include="Engine\12. GameMode">
      <UniqueIdentifier>{f6325803-5453-4926-892e-012c50636229}</UniqueIdentifier>
    </Filter>
    <Filter Include="Engine\13. Interface">
      <UniqueIdentifier>{2dcc5d11-c78b-42e9-abbc-e485ace03fd0}</UniqueIdentifier>
    </Filter>
    <Filter Include="Engine\14. Utility">
      <UniqueIdentifier>{2450be60-5675-4e99-be62-4679892eb464}</UniqueIdentifier>
    </Filter>
  </ItemGroup>
  <ItemGroup>
    <ClInclude Include="framework.h">
      <Filter>Default</Filter>
    </ClInclude>
    <ClInclude Include="GameEngine.h">
      <Filter>Default</Filter>
    </ClInclude>
    <ClInclude Include="Resource.h">
      <Filter>Default</Filter>
    </ClInclude>
    <ClInclude Include="targetver.h">
      <Filter>Default</Filter>
    </ClInclude>
    <ClInclude Include="pch.h" />
    <ClInclude Include="define.h">
      <Filter>Engine\01. Header</Filter>
    </ClInclude>
    <ClInclude Include="const.h">
      <Filter>Engine\01. Header</Filter>
    </ClInclude>
    <ClInclude Include="struct.h">
      <Filter>Engine\01. Header</Filter>
    </ClInclude>
    <ClInclude Include="ResourceManager.h">
      <Filter>Engine\03. Manager\ResourceManager</Filter>
    </ClInclude>
    <ClInclude Include="GameResource.h">
      <Filter>Engine\05. Resource</Filter>
    </ClInclude>
    <ClInclude Include="Texture.h">
      <Filter>Engine\05. Resource\Texture</Filter>
    </ClInclude>
    <ClInclude Include="PathManager.h">
      <Filter>Engine\03. Manager\PathManager</Filter>
    </ClInclude>
    <ClInclude Include="InputManager.h">
      <Filter>Engine\03. Manager\InputManager</Filter>
    </ClInclude>
    <ClInclude Include="Core.h">
      <Filter>Engine\02. Core</Filter>
    </ClInclude>
    <ClInclude Include="SceneManager.h">
      <Filter>Engine\03. Manager\SceneManager</Filter>
    </ClInclude>
    <ClInclude Include="TimerManager.h">
      <Filter>Engine\03. Manager\TimerManager</Filter>
    </ClInclude>
    <ClInclude Include="Object.h">
      <Filter>Engine\04. Object</Filter>
    </ClInclude>
    <ClInclude Include="Scene.h">
      <Filter>Engine\06. Scene</Filter>
    </ClInclude>
    <ClInclude Include="GameScene.h">
      <Filter>Engine\06. Scene\GameScene</Filter>
    </ClInclude>
    <ClInclude Include="Animation.h">
      <Filter>Engine\07. Animation</Filter>
    </ClInclude>
    <ClInclude Include="Collider.h">
      <Filter>Engine\08. Collider</Filter>
    </ClInclude>
    <ClInclude Include="GDIManager.h">
      <Filter>Engine\03. Manager\GDIManager</Filter>
    </ClInclude>
    <ClInclude Include="CollisionManager.h">
      <Filter>Engine\03. Manager\CollisionManager</Filter>
    </ClInclude>
    <ClInclude Include="Actor.h">
      <Filter>Engine\04. Object\Actor</Filter>
    </ClInclude>
    <ClInclude Include="CircleSkillData.h">
      <Filter>Engine\05. Resource\Data\SkillData\CircleSkillData</Filter>
    </ClInclude>
    <ClInclude Include="Data.h">
      <Filter>Engine\05. Resource\Data</Filter>
    </ClInclude>
    <ClInclude Include="CircleZoneData.h">
      <Filter>Engine\05. Resource\Data\ZoneData\CircleZoneData</Filter>
    </ClInclude>
    <ClInclude Include="RectZoneData.h">
      <Filter>Engine\05. Resource\Data\ZoneData\RectZoneData</Filter>
    </ClInclude>
    <ClInclude Include="RectSkillData.h">
      <Filter>Engine\05. Resource\Data\SkillData\RectSkillData</Filter>
    </ClInclude>
    <ClInclude Include="ZoneData.h">
      <Filter>Engine\05. Resource\Data\ZoneData</Filter>
    </ClInclude>
    <ClInclude Include="SkillData.h">
      <Filter>Engine\05. Resource\Data\SkillData</Filter>
    </ClInclude>
    <ClInclude Include="TextureAtlas.h">
      <Filter>Engine\05. Resource\TextureAtlas</Filter>
    </ClInclude>
    <ClInclude Include="AnimationData.h">
      <Filter>Engine\05. Resource\Data\AnimationData</Filter>
    </ClInclude>
    <ClInclude Include="Character.h">
      <Filter>Engine\04. Object\Actor\Character</Filter>
    </ClInclude>
    <ClInclude Include="Player.h">
      <Filter>Engine\04. Object\Actor\Character\Player</Filter>
    </ClInclude>
    <ClInclude Include="GameObject.h">
      <Filter>Engine\04. Object\GameObject</Filter>
    </ClInclude>
    <ClInclude Include="TitleScene.h">
      <Filter>Engine\06. Scene\TitleScene</Filter>
    </ClInclude>
    <ClInclude Include="SettingsManager.h">
      <Filter>Engine\03. Manager\SettingsManager</Filter>
    </ClInclude>
    <ClInclude Include="UI.h">
      <Filter>Engine\10. UI</Filter>
    </ClInclude>
    <ClInclude Include="Button.h">
      <Filter>Engine\11. UIElement\Button</Filter>
    </ClInclude>
    <ClInclude Include="TitleUI.h">
      <Filter>Engine\10. UI\TitleUI</Filter>
    </ClInclude>
    <ClInclude Include="UIElement.h">
      <Filter>Engine\11. UIElement</Filter>
    </ClInclude>
    <ClInclude Include="PlayerStatusUI.h">
      <Filter>Engine\10. UI\PlayerStatusUI</Filter>
    </ClInclude>
    <ClInclude Include="MapUI.h">
      <Filter>Engine\10. UI\MapUI</Filter>
    </ClInclude>
    <ClInclude Include="ProgressBar.h">
      <Filter>Engine\11. UIElement\ProgressBar</Filter>
    </ClInclude>
    <ClInclude Include="GameMode.h">
      <Filter>Engine\12. GameMode</Filter>
    </ClInclude>
    <ClInclude Include="TaskUI.h">
      <Filter>Engine\10. UI\TaskUI</Filter>
    </ClInclude>
    <ClInclude Include="NumberSequenceTask.h">
      <Filter>Engine\10. UI\TaskUI\NumberSequenceTask</Filter>
    </ClInclude>
    <ClInclude Include="MenuUI.h">
      <Filter>Engine\10. UI\MenuUI</Filter>
    </ClInclude>
    <ClInclude Include="DataUploadTask.h">
      <Filter>Engine\10. UI\TaskUI\DataUploadTask</Filter>
    </ClInclude>
    <ClInclude Include="TimedButtonsTask.h">
      <Filter>Engine\10. UI\TaskUI\TimedButtonsTask</Filter>
    </ClInclude>
    <ClInclude Include="TimingBar.h">
      <Filter>Engine\11. UIElement\TimingBar</Filter>
    </ClInclude>
    <ClInclude Include="Easing.h">
      <Filter>Engine\14. Utility</Filter>
    </ClInclude>
    <ClInclude Include="Ghost.h">
      <Filter>Engine\04. Object\Actor\Character\Ghost</Filter>
    </ClInclude>
    <ClInclude Include="Vent.h">
      <Filter>Engine\04. Object\Vent</Filter>
    </ClInclude>
    <ClInclude Include="GameResultUI.h">
      <Filter>Engine\10. UI\GameResultUI</Filter>
    </ClInclude>
    <ClInclude Include="EditorScene.h">
      <Filter>Engine\06. Scene\EditorScene</Filter>
    </ClInclude>
    <ClInclude Include="EditorUI.h">
      <Filter>Engine\10. UI\EditorUI</Filter>
    </ClInclude>
    <ClInclude Include="MapInfo.h">
      <Filter>Engine\14. Utility</Filter>
    </ClInclude>
    <ClInclude Include="Wall.h">
      <Filter>Engine\09. Wall\Wall</Filter>
    </ClInclude>
    <ClInclude Include="WallDetector.h">
      <Filter>Engine\09. Wall\WallDetector</Filter>
    </ClInclude>
    <ClInclude Include="MinimapProvider.h">
      <Filter>Engine\13. Interface</Filter>
    </ClInclude>
    <ClInclude Include="Interactable.h">
      <Filter>Engine\13. Interface</Filter>
    </ClInclude>
  </ItemGroup>
  <ItemGroup>
    <ResourceCompile Include="GameEngine.rc">
      <Filter>리소스 파일</Filter>
    </ResourceCompile>
  </ItemGroup>
  <ItemGroup>
    <Image Include="small.ico">
      <Filter>리소스 파일</Filter>
    </Image>
    <Image Include="GameEngine.ico">
      <Filter>리소스 파일</Filter>
    </Image>
  </ItemGroup>
  <ItemGroup>
    <ClCompile Include="GameEngine.cpp" />
    <ClCompile Include="ResourceManager.cpp">
      <Filter>Engine\03. Manager\ResourceManager</Filter>
    </ClCompile>
    <ClCompile Include="GameResource.cpp">
      <Filter>Engine\05. Resource</Filter>
    </ClCompile>
    <ClCompile Include="Texture.cpp">
      <Filter>Engine\05. Resource\Texture</Filter>
    </ClCompile>
    <ClCompile Include="PathManager.cpp">
      <Filter>Engine\03. Manager\PathManager</Filter>
    </ClCompile>
    <ClCompile Include="InputManager.cpp">
      <Filter>Engine\03. Manager\InputManager</Filter>
    </ClCompile>
    <ClCompile Include="Core.cpp">
      <Filter>Engine\02. Core</Filter>
    </ClCompile>
    <ClCompile Include="SceneManager.cpp">
      <Filter>Engine\03. Manager\SceneManager</Filter>
    </ClCompile>
    <ClCompile Include="TimerManager.cpp">
      <Filter>Engine\03. Manager\TimerManager</Filter>
    </ClCompile>
    <ClCompile Include="Object.cpp">
      <Filter>Engine\04. Object</Filter>
    </ClCompile>
    <ClCompile Include="Scene.cpp">
      <Filter>Engine\06. Scene</Filter>
    </ClCompile>
    <ClCompile Include="GameScene.cpp">
      <Filter>Engine\06. Scene\GameScene</Filter>
    </ClCompile>
    <ClCompile Include="Animation.cpp">
      <Filter>Engine\07. Animation</Filter>
    </ClCompile>
    <ClCompile Include="Collider.cpp">
      <Filter>Engine\08. Collider</Filter>
    </ClCompile>
    <ClCompile Include="GDIManager.cpp">
      <Filter>Engine\03. Manager\GDIManager</Filter>
    </ClCompile>
    <ClCompile Include="CollisionManager.cpp">
      <Filter>Engine\03. Manager\CollisionManager</Filter>
    </ClCompile>
    <ClCompile Include="Actor.cpp">
      <Filter>Engine\04. Object\Actor</Filter>
    </ClCompile>
    <ClCompile Include="Data.cpp">
      <Filter>Engine\05. Resource\Data</Filter>
    </ClCompile>
    <ClCompile Include="CircleSkillData.cpp">
      <Filter>Engine\05. Resource\Data\SkillData\CircleSkillData</Filter>
    </ClCompile>
    <ClCompile Include="CircleZoneData.cpp">
      <Filter>Engine\05. Resource\Data\ZoneData\CircleZoneData</Filter>
    </ClCompile>
    <ClCompile Include="RectZoneData.cpp">
      <Filter>Engine\05. Resource\Data\ZoneData\RectZoneData</Filter>
    </ClCompile>
    <ClCompile Include="RectSkillData.cpp">
      <Filter>Engine\05. Resource\Data\SkillData\RectSkillData</Filter>
    </ClCompile>
    <ClCompile Include="ZoneData.cpp">
      <Filter>Engine\05. Resource\Data\ZoneData</Filter>
    </ClCompile>
    <ClCompile Include="SkillData.cpp">
      <Filter>Engine\05. Resource\Data\SkillData</Filter>
    </ClCompile>
    <ClCompile Include="TextureAtlas.cpp">
      <Filter>Engine\05. Resource\TextureAtlas</Filter>
    </ClCompile>
    <ClCompile Include="AnimationData.cpp">
      <Filter>Engine\05. Resource\Data\AnimationData</Filter>
    </ClCompile>
    <ClCompile Include="Character.cpp">
      <Filter>Engine\04. Object\Actor\Character</Filter>
    </ClCompile>
    <ClCompile Include="Player.cpp">
      <Filter>Engine\04. Object\Actor\Character\Player</Filter>
    </ClCompile>
    <ClCompile Include="GameObject.cpp">
      <Filter>Engine\04. Object\GameObject</Filter>
    </ClCompile>
    <ClCompile Include="TitleScene.cpp">
      <Filter>Engine\06. Scene\TitleScene</Filter>
    </ClCompile>
    <ClCompile Include="SettingsManager.cpp">
      <Filter>Engine\03. Manager\SettingsManager</Filter>
    </ClCompile>
    <ClCompile Include="UI.cpp">
      <Filter>Engine\10. UI</Filter>
    </ClCompile>
    <ClCompile Include="Button.cpp">
      <Filter>Engine\11. UIElement\Button</Filter>
    </ClCompile>
    <ClCompile Include="TitleUI.cpp">
      <Filter>Engine\10. UI\TitleUI</Filter>
    </ClCompile>
    <ClCompile Include="UIElement.cpp">
      <Filter>Engine\11. UIElement</Filter>
    </ClCompile>
    <ClCompile Include="PlayerStatusUI.cpp">
      <Filter>Engine\10. UI\PlayerStatusUI</Filter>
    </ClCompile>
    <ClCompile Include="MapUI.cpp">
      <Filter>Engine\10. UI\MapUI</Filter>
    </ClCompile>
    <ClCompile Include="ProgressBar.cpp">
      <Filter>Engine\11. UIElement\ProgressBar</Filter>
    </ClCompile>
    <ClCompile Include="MenuUI.cpp">
      <Filter>Engine\10. UI\MenuUI</Filter>
    </ClCompile>
    <ClCompile Include="GameMode.cpp">
      <Filter>Engine\12. GameMode</Filter>
    </ClCompile>
    <ClCompile Include="TaskUI.cpp">
      <Filter>Engine\10. UI\TaskUI</Filter>
    </ClCompile>
    <ClCompile Include="NumberSequenceTask.cpp">
      <Filter>Engine\10. UI\TaskUI\NumberSequenceTask</Filter>
    </ClCompile>
    <ClCompile Include="DataUploadTask.cpp">
      <Filter>Engine\10. UI\TaskUI\DataUploadTask</Filter>
    </ClCompile>
    <ClCompile Include="TimedButtonsTask.cpp">
      <Filter>Engine\10. UI\TaskUI\TimedButtonsTask</Filter>
    </ClCompile>
    <ClCompile Include="TimingBar.cpp">
      <Filter>Engine\11. UIElement\TimingBar</Filter>
    </ClCompile>
    <ClCompile Include="Ghost.cpp">
      <Filter>Engine\04. Object\Actor\Character\Ghost</Filter>
    </ClCompile>
    <ClCompile Include="Vent.cpp">
      <Filter>Engine\04. Object\Vent</Filter>
    </ClCompile>
    <ClCompile Include="GameResultUI.cpp">
      <Filter>Engine\10. UI\GameResultUI</Filter>
    </ClCompile>
    <ClCompile Include="EditorScene.cpp">
      <Filter>Engine\06. Scene\EditorScene</Filter>
    </ClCompile>
    <ClCompile Include="EditorUI.cpp">
      <Filter>Engine\10. UI\EditorUI</Filter>
    </ClCompile>
    <ClCompile Include="Wall.cpp">
      <Filter>Engine\09. Wall\Wall</Filter>
    </ClCompile>
    <ClCompile Include="WallDetector.cpp">
      <Filter>Engine\09. Wall\WallDetector</Filter>
    </ClCompile>
  </ItemGroup>
</Project>